
Microsoft Visual Studio Solution File, Format Version 12.00
# Visual Studio Version 16
VisualStudioVersion = 16.0.29728.190
MinimumVisualStudioVersion = 10.0.40219.1
Project("{FAE04EC0-301F-11D3-BF4B-00C04F79EFBC}") = "lect_11", "lect_11\lect_11.csproj", "{BAE50E7A-2D96-4977-A3B4-0ED795B9CF03}"
EndProject
Global
	GlobalSection(SolutionConfigurationPlatforms) = preSolution
		Debug|Any CPU = Debug|Any CPU
		Release|Any CPU = Release|Any CPU
	EndGlobalSection
	GlobalSection(ProjectConfigurationPlatforms) = postSolution
		{BAE50E7A-2D96-4977-A3B4-0ED795B9CF03}.Debug|Any CPU.ActiveCfg = Debug|Any CPU
		{BAE50E7A-2D96-4977-A3B4-0ED795B9CF03}.Debug|Any CPU.Build.0 = Debug|Any CPU
		{BAE50E7A-2D96-4977-A3B4-0ED795B9CF03}.Release|Any CPU.ActiveCfg = Release|Any CPU
		{BAE50E7A-2D96-4977-A3B4-0ED795B9CF03}.Release|Any CPU.Build.0 = Release|Any CPU
	EndGlobalSection
	GlobalSection(SolutionProperties) = preSolution
		HideSolutionNode = FALSE
	EndGlobalSection
	GlobalSection(ExtensibilityGlobals) = postSolution
		SolutionGuid = {7DA8C6CD-1269-405D-93DB-2748B41BB106}
	EndGlobalSection
EndGlobal
